// !$*UTF8*$!
{
	archiveVersion = 1;
	classes = {
	};
	objectVersion = 77;
	objects = {

/* Begin PBXBuildFile section */
		E54DCB1A2CB2A47D006CF4A2 /* CachedAsyncImage in Frameworks */ = {isa = PBXBuildFile; productRef = E54DCB192CB2A47D006CF4A2 /* CachedAsyncImage */; };
/* End PBXBuildFile section */

/* Begin PBXContainerItemProxy section */
		E54DCAFC2CB2A329006CF4A2 /* PBXContainerItemProxy */ = {
			isa = PBXContainerItemProxy;
			containerPortal = E54DCAE32CB2A328006CF4A2 /* Project object */;
			proxyType = 1;
			remoteGlobalIDString = E54DCAEA2CB2A328006CF4A2;
			remoteInfo = SpaceNow;
		};
		E54DCB062CB2A329006CF4A2 /* PBXContainerItemProxy */ = {
			isa = PBXContainerItemProxy;
			containerPortal = E54DCAE32CB2A328006CF4A2 /* Project object */;
			proxyType = 1;
			remoteGlobalIDString = E54DCAEA2CB2A328006CF4A2;
			remoteInfo = SpaceNow;
		};
/* End PBXContainerItemProxy section */

/* Begin PBXFileReference section */
		E54DCAEB2CB2A328006CF4A2 /* SpaceNow.app */ = {isa = PBXFileReference; explicitFileType = wrapper.application; includeInIndex = 0; path = SpaceNow.app; sourceTree = BUILT_PRODUCTS_DIR; };
		E54DCAFB2CB2A329006CF4A2 /* SpaceNowTests.xctest */ = {isa = PBXFileReference; explicitFileType = wrapper.cfbundle; includeInIndex = 0; path = SpaceNowTests.xctest; sourceTree = BUILT_PRODUCTS_DIR; };
		E54DCB052CB2A329006CF4A2 /* SpaceNowUITests.xctest */ = {isa = PBXFileReference; explicitFileType = wrapper.cfbundle; includeInIndex = 0; path = SpaceNowUITests.xctest; sourceTree = BUILT_PRODUCTS_DIR; };
/* End PBXFileReference section */

/* Begin PBXFileSystemSynchronizedRootGroup section */
		E54DCAED2CB2A328006CF4A2 /* SpaceNow */ = {
			isa = PBXFileSystemSynchronizedRootGroup;
			path = SpaceNow;
			sourceTree = "<group>";
		};
		E54DCAFE2CB2A329006CF4A2 /* SpaceNowTests */ = {
			isa = PBXFileSystemSynchronizedRootGroup;
			path = SpaceNowTests;
			sourceTree = "<group>";
		};
		E54DCB082CB2A329006CF4A2 /* SpaceNowUITests */ = {
			isa = PBXFileSystemSynchronizedRootGroup;
			path = SpaceNowUITests;
			sourceTree = "<group>";
		};
/* End PBXFileSystemSynchronizedRootGroup section */

/* Begin PBXFrameworksBuildPhase section */
		E54DCAE82CB2A328006CF4A2 /* Frameworks */ = {
			isa = PBXFrameworksBuildPhase;
			buildActionMask = 2147483647;
			files = (
				E54DCB1A2CB2A47D006CF4A2 /* CachedAsyncImage in Frameworks */,
			);
			runOnlyForDeploymentPostprocessing = 0;
		};
		E54DCAF82CB2A329006CF4A2 /* Frameworks */ = {
			isa = PBXFrameworksBuildPhase;
			buildActionMask = 2147483647;
			files = (
			);
			runOnlyForDeploymentPostprocessing = 0;
		};
		E54DCB022CB2A329006CF4A2 /* Frameworks */ = {
			isa = PBXFrameworksBuildPhase;
			buildActionMask = 2147483647;
			files = (
			);
			runOnlyForDeploymentPostprocessing = 0;
		};
/* End PBXFrameworksBuildPhase section */

/* Begin PBXGroup section */
		E54DCAE22CB2A328006CF4A2 = {
			isa = PBXGroup;
			children = (
				E54DCAED2CB2A328006CF4A2 /* SpaceNow */,
				E54DCAFE2CB2A329006CF4A2 /* SpaceNowTests */,
				E54DCB082CB2A329006CF4A2 /* SpaceNowUITests */,
				E54DCAEC2CB2A328006CF4A2 /* Products */,
			);
			sourceTree = "<group>";
		};
		E54DCAEC2CB2A328006CF4A2 /* Products */ = {
			isa = PBXGroup;
			children = (
				E54DCAEB2CB2A328006CF4A2 /* SpaceNow.app */,
				E54DCAFB2CB2A329006CF4A2 /* SpaceNowTests.xctest */,
				E54DCB052CB2A329006CF4A2 /* SpaceNowUITests.xctest */,
			);
			name = Products;
			sourceTree = "<group>";
		};
/* End PBXGroup section */

/* Begin PBXNativeTarget section */
		E54DCAEA2CB2A328006CF4A2 /* SpaceNow */ = {
			isa = PBXNativeTarget;
			buildConfigurationList = E54DCB0F2CB2A329006CF4A2 /* Build configuration list for PBXNativeTarget "SpaceNow" */;
			buildPhases = (
				E54DCAE72CB2A328006CF4A2 /* Sources */,
				E54DCAE82CB2A328006CF4A2 /* Frameworks */,
				E54DCAE92CB2A328006CF4A2 /* Resources */,
			);
			buildRules = (
			);
			dependencies = (
			);
			fileSystemSynchronizedGroups = (
				E54DCAED2CB2A328006CF4A2 /* SpaceNow */,
			);
			name = SpaceNow;
			packageProductDependencies = (
				E54DCB192CB2A47D006CF4A2 /* CachedAsyncImage */,
			);
			productName = SpaceNow;
			productReference = E54DCAEB2CB2A328006CF4A2 /* SpaceNow.app */;
			productType = "com.apple.product-type.application";
		};
		E54DCAFA2CB2A329006CF4A2 /* SpaceNowTests */ = {
			isa = PBXNativeTarget;
			buildConfigurationList = E54DCB122CB2A329006CF4A2 /* Build configuration list for PBXNativeTarget "SpaceNowTests" */;
			buildPhases = (
				E54DCAF72CB2A329006CF4A2 /* Sources */,
				E54DCAF82CB2A329006CF4A2 /* Frameworks */,
				E54DCAF92CB2A329006CF4A2 /* Resources */,
			);
			buildRules = (
			);
			dependencies = (
				E54DCAFD2CB2A329006CF4A2 /* PBXTargetDependency */,
			);
			fileSystemSynchronizedGroups = (
				E54DCAFE2CB2A329006CF4A2 /* SpaceNowTests */,
			);
			name = SpaceNowTests;
			packageProductDependencies = (
			);
			productName = SpaceNowTests;
			productReference = E54DCAFB2CB2A329006CF4A2 /* SpaceNowTests.xctest */;
			productType = "com.apple.product-type.bundle.unit-test";
		};
		E54DCB042CB2A329006CF4A2 /* SpaceNowUITests */ = {
			isa = PBXNativeTarget;
			buildConfigurationList = E54DCB152CB2A329006CF4A2 /* Build configuration list for PBXNativeTarget "SpaceNowUITests" */;
			buildPhases = (
				E54DCB012CB2A329006CF4A2 /* Sources */,
				E54DCB022CB2A329006CF4A2 /* Frameworks */,
				E54DCB032CB2A329006CF4A2 /* Resources */,
			);
			buildRules = (
			);
			dependencies = (
				E54DCB072CB2A329006CF4A2 /* PBXTargetDependency */,
			);
			fileSystemSynchronizedGroups = (
				E54DCB082CB2A329006CF4A2 /* SpaceNowUITests */,
			);
			name = SpaceNowUITests;
			packageProductDependencies = (
			);
			productName = SpaceNowUITests;
			productReference = E54DCB052CB2A329006CF4A2 /* SpaceNowUITests.xctest */;
			productType = "com.apple.product-type.bundle.ui-testing";
		};
/* End PBXNativeTarget section */

/* Begin PBXProject section */
		E54DCAE32CB2A328006CF4A2 /* Project object */ = {
			isa = PBXProject;
			attributes = {
				BuildIndependentTargetsInParallel = 1;
				LastSwiftUpdateCheck = 1600;
				LastUpgradeCheck = 1600;
				TargetAttributes = {
					E54DCAEA2CB2A328006CF4A2 = {
						CreatedOnToolsVersion = 16.0;
					};
					E54DCAFA2CB2A329006CF4A2 = {
						CreatedOnToolsVersion = 16.0;
						TestTargetID = E54DCAEA2CB2A328006CF4A2;
					};
					E54DCB042CB2A329006CF4A2 = {
						CreatedOnToolsVersion = 16.0;
						TestTargetID = E54DCAEA2CB2A328006CF4A2;
					};
				};
			};
			buildConfigurationList = E54DCAE62CB2A328006CF4A2 /* Build configuration list for PBXProject "SpaceNow" */;
			developmentRegion = en;
			hasScannedForEncodings = 0;
			knownRegions = (
				en,
				Base,
			);
			mainGroup = E54DCAE22CB2A328006CF4A2;
			minimizedProjectReferenceProxies = 1;
			packageReferences = (
				E54DCB182CB2A47D006CF4A2 /* XCRemoteSwiftPackageReference "swiftui-cached-async-image" */,
			);
			preferredProjectObjectVersion = 77;
			productRefGroup = E54DCAEC2CB2A328006CF4A2 /* Products */;
			projectDirPath = "";
			projectRoot = "";
			targets = (
				E54DCAEA2CB2A328006CF4A2 /* SpaceNow */,
				E54DCAFA2CB2A329006CF4A2 /* SpaceNowTests */,
				E54DCB042CB2A329006CF4A2 /* SpaceNowUITests */,
			);
		};
/* End PBXProject section */

/* Begin PBXResourcesBuildPhase section */
		E54DCAE92CB2A328006CF4A2 /* Resources */ = {
			isa = PBXResourcesBuildPhase;
			buildActionMask = 2147483647;
			files = (
			);
			runOnlyForDeploymentPostprocessing = 0;
		};
		E54DCAF92CB2A329006CF4A2 /* Resources */ = {
			isa = PBXResourcesBuildPhase;
			buildActionMask = 2147483647;
			files = (
			);
			runOnlyForDeploymentPostprocessing = 0;
		};
		E54DCB032CB2A329006CF4A2 /* Resources */ = {
			isa = PBXResourcesBuildPhase;
			buildActionMask = 2147483647;
			files = (
			);
			runOnlyForDeploymentPostprocessing = 0;
		};
/* End PBXResourcesBuildPhase section */

/* Begin PBXSourcesBuildPhase section */
		E54DCAE72CB2A328006CF4A2 /* Sources */ = {
			isa = PBXSourcesBuildPhase;
			buildActionMask = 2147483647;
			files = (
			);
			runOnlyForDeploymentPostprocessing = 0;
		};
		E54DCAF72CB2A329006CF4A2 /* Sources */ = {
			isa = PBXSourcesBuildPhase;
			buildActionMask = 2147483647;
			files = (
			);
			runOnlyForDeploymentPostprocessing = 0;
		};
		E54DCB012CB2A329006CF4A2 /* Sources */ = {
			isa = PBXSourcesBuildPhase;
			buildActionMask = 2147483647;
			files = (
			);
			runOnlyForDeploymentPostprocessing = 0;
		};
/* End PBXSourcesBuildPhase section */

/* Begin PBXTargetDependency section */
		E54DCAFD2CB2A329006CF4A2 /* PBXTargetDependency */ = {
			isa = PBXTargetDependency;
			target = E54DCAEA2CB2A328006CF4A2 /* SpaceNow */;
			targetProxy = E54DCAFC2CB2A329006CF4A2 /* PBXContainerItemProxy */;
		};
		E54DCB072CB2A329006CF4A2 /* PBXTargetDependency */ = {
			isa = PBXTargetDependency;
			target = E54DCAEA2CB2A328006CF4A2 /* SpaceNow */;
			targetProxy = E54DCB062CB2A329006CF4A2 /* PBXContainerItemProxy */;
		};
/* End PBXTargetDependency section */

/* Begin XCBuildConfiguration section */
		E54DCB0D2CB2A329006CF4A2 /* Debug */ = {
			isa = XCBuildConfiguration;
			buildSettings = {
				ALWAYS_SEARCH_USER_PATHS = NO;
				ASSETCATALOG_COMPILER_GENERATE_SWIFT_ASSET_SYMBOL_EXTENSIONS = YES;
				CLANG_ANALYZER_NONNULL = YES;
				CLANG_ANALYZER_NUMBER_OBJECT_CONVERSION = YES_AGGRESSIVE;
				CLANG_CXX_LANGUAGE_STANDARD = "gnu++20";
				CLANG_ENABLE_MODULES = YES;
				CLANG_ENABLE_OBJC_ARC = YES;
				CLANG_ENABLE_OBJC_WEAK = YES;
				CLANG_WARN_BLOCK_CAPTURE_AUTORELEASING = YES;
				CLANG_WARN_BOOL_CONVERSION = YES;
				CLANG_WARN_COMMA = YES;
				CLANG_WARN_CONSTANT_CONVERSION = YES;
				CLANG_WARN_DEPRECATED_OBJC_IMPLEMENTATIONS = YES;
				CLANG_WARN_DIRECT_OBJC_ISA_USAGE = YES_ERROR;
				CLANG_WARN_DOCUMENTATION_COMMENTS = YES;
				CLANG_WARN_EMPTY_BODY = YES;
				CLANG_WARN_ENUM_CONVERSION = YES;
				CLANG_WARN_INFINITE_RECURSION = YES;
				CLANG_WARN_INT_CONVERSION = YES;
				CLANG_WARN_NON_LITERAL_NULL_CONVERSION = YES;
				CLANG_WARN_OBJC_IMPLICIT_RETAIN_SELF = YES;
				CLANG_WARN_OBJC_LITERAL_CONVERSION = YES;
				CLANG_WARN_OBJC_ROOT_CLASS = YES_ERROR;
				CLANG_WARN_QUOTED_INCLUDE_IN_FRAMEWORK_HEADER = YES;
				CLANG_WARN_RANGE_LOOP_ANALYSIS = YES;
				CLANG_WARN_STRICT_PROTOTYPES = YES;
				CLANG_WARN_SUSPICIOUS_MOVE = YES;
				CLANG_WARN_UNGUARDED_AVAILABILITY = YES_AGGRESSIVE;
				CLANG_WARN_UNREACHABLE_CODE = YES;
				CLANG_WARN__DUPLICATE_METHOD_MATCH = YES;
				COPY_PHASE_STRIP = NO;
				DEBUG_INFORMATION_FORMAT = dwarf;
				ENABLE_STRICT_OBJC_MSGSEND = YES;
				ENABLE_TESTABILITY = YES;
				ENABLE_USER_SCRIPT_SANDBOXING = YES;
				GCC_C_LANGUAGE_STANDARD = gnu17;
				GCC_DYNAMIC_NO_PIC = NO;
				GCC_NO_COMMON_BLOCKS = YES;
				GCC_OPTIMIZATION_LEVEL = 0;
				GCC_PREPROCESSOR_DEFINITIONS = (
					"DEBUG=1",
					"$(inherited)",
				);
				GCC_WARN_64_TO_32_BIT_CONVERSION = YES;
				GCC_WARN_ABOUT_RETURN_TYPE = YES_ERROR;
				GCC_WARN_UNDECLARED_SELECTOR = YES;
				GCC_WARN_UNINITIALIZED_AUTOS = YES_AGGRESSIVE;
				GCC_WARN_UNUSED_FUNCTION = YES;
				GCC_WARN_UNUSED_VARIABLE = YES;
				IPHONEOS_DEPLOYMENT_TARGET = 18.0;
				LOCALIZATION_PREFERS_STRING_CATALOGS = YES;
				MTL_ENABLE_DEBUG_INFO = INCLUDE_SOURCE;
				MTL_FAST_MATH = YES;
				ONLY_ACTIVE_ARCH = YES;
				SDKROOT = iphoneos;
				SWIFT_ACTIVE_COMPILATION_CONDITIONS = "DEBUG $(inherited)";
				SWIFT_OPTIMIZATION_LEVEL = "-Onone";
			};
			name = Debug;
		};
		E54DCB0E2CB2A329006CF4A2 /* Release */ = {
			isa = XCBuildConfiguration;
			buildSettings = {
				ALWAYS_SEARCH_USER_PATHS = NO;
				ASSETCATALOG_COMPILER_GENERATE_SWIFT_ASSET_SYMBOL_EXTENSIONS = YES;
				CLANG_ANALYZER_NONNULL = YES;
				CLANG_ANALYZER_NUMBER_OBJECT_CONVERSION = YES_AGGRESSIVE;
				CLANG_CXX_LANGUAGE_STANDARD = "gnu++20";
				CLANG_ENABLE_MODULES = YES;
				CLANG_ENABLE_OBJC_ARC = YES;
				CLANG_ENABLE_OBJC_WEAK = YES;
				CLANG_WARN_BLOCK_CAPTURE_AUTORELEASING = YES;
				CLANG_WARN_BOOL_CONVERSION = YES;
				CLANG_WARN_COMMA = YES;
				CLANG_WARN_CONSTANT_CONVERSION = YES;
				CLANG_WARN_DEPRECATED_OBJC_IMPLEMENTATIONS = YES;
				CLANG_WARN_DIRECT_OBJC_ISA_USAGE = YES_ERROR;
				CLANG_WARN_DOCUMENTATION_COMMENTS = YES;
				CLANG_WARN_EMPTY_BODY = YES;
				CLANG_WARN_ENUM_CONVERSION = YES;
				CLANG_WARN_INFINITE_RECURSION = YES;
				CLANG_WARN_INT_CONVERSION = YES;
				CLANG_WARN_NON_LITERAL_NULL_CONVERSION = YES;
				CLANG_WARN_OBJC_IMPLICIT_RETAIN_SELF = YES;
				CLANG_WARN_OBJC_LITERAL_CONVERSION = YES;
				CLANG_WARN_OBJC_ROOT_CLASS = YES_ERROR;
				CLANG_WARN_QUOTED_INCLUDE_IN_FRAMEWORK_HEADER = YES;
				CLANG_WARN_RANGE_LOOP_ANALYSIS = YES;
				CLANG_WARN_STRICT_PROTOTYPES = YES;
				CLANG_WARN_SUSPICIOUS_MOVE = YES;
				CLANG_WARN_UNGUARDED_AVAILABILITY = YES_AGGRESSIVE;
				CLANG_WARN_UNREACHABLE_CODE = YES;
				CLANG_WARN__DUPLICATE_METHOD_MATCH = YES;
				COPY_PHASE_STRIP = NO;
				DEBUG_INFORMATION_FORMAT = "dwarf-with-dsym";
				ENABLE_NS_ASSERTIONS = NO;
				ENABLE_STRICT_OBJC_MSGSEND = YES;
				ENABLE_USER_SCRIPT_SANDBOXING = YES;
				GCC_C_LANGUAGE_STANDARD = gnu17;
				GCC_NO_COMMON_BLOCKS = YES;
				GCC_WARN_64_TO_32_BIT_CONVERSION = YES;
				GCC_WARN_ABOUT_RETURN_TYPE = YES_ERROR;
				GCC_WARN_UNDECLARED_SELECTOR = YES;
				GCC_WARN_UNINITIALIZED_AUTOS = YES_AGGRESSIVE;
				GCC_WARN_UNUSED_FUNCTION = YES;
				GCC_WARN_UNUSED_VARIABLE = YES;
				IPHONEOS_DEPLOYMENT_TARGET = 18.0;
				LOCALIZATION_PREFERS_STRING_CATALOGS = YES;
				MTL_ENABLE_DEBUG_INFO = NO;
				MTL_FAST_MATH = YES;
				SDKROOT = iphoneos;
				SWIFT_COMPILATION_MODE = wholemodule;
				VALIDATE_PRODUCT = YES;
			};
			name = Release;
		};
		E54DCB102CB2A329006CF4A2 /* Debug */ = {
			isa = XCBuildConfiguration;
			buildSettings = {
				ASSETCATALOG_COMPILER_APPICON_NAME = AppIcon;
				ASSETCATALOG_COMPILER_GLOBAL_ACCENT_COLOR_NAME = AccentColor;
				CODE_SIGN_STYLE = Automatic;
				CURRENT_PROJECT_VERSION = 1;
				DEVELOPMENT_ASSET_PATHS = "\"SpaceNow/Preview Content\"";
				DEVELOPMENT_TEAM = Z8P5487D62;
				ENABLE_PREVIEWS = YES;
				GENERATE_INFOPLIST_FILE = YES;
				INFOPLIST_KEY_UIApplicationSceneManifest_Generation = YES;
				INFOPLIST_KEY_UIApplicationSupportsIndirectInputEvents = YES;
				INFOPLIST_KEY_UILaunchScreen_Generation = YES;
				INFOPLIST_KEY_UISupportedInterfaceOrientations_iPad = "UIInterfaceOrientationPortrait UIInterfaceOrientationPortraitUpsideDown UIInterfaceOrientationLandscapeLeft UIInterfaceOrientationLandscapeRight";
				INFOPLIST_KEY_UISupportedInterfaceOrientations_iPhone = "UIInterfaceOrientationPortrait UIInterfaceOrientationLandscapeLeft UIInterfaceOrientationLandscapeRight";
				LD_RUNPATH_SEARCH_PATHS = (
					"$(inherited)",
					"@executable_path/Frameworks",
				);
				MARKETING_VERSION = 1.0;
				PRODUCT_BUNDLE_IDENTIFIER = com.slayr.SpaceNow;
				PRODUCT_NAME = "$(TARGET_NAME)";
				SWIFT_EMIT_LOC_STRINGS = YES;
				SWIFT_VERSION = 5.0;
				TARGETED_DEVICE_FAMILY = "1,2";
			};
			name = Debug;
		};
		E54DCB112CB2A329006CF4A2 /* Release */ = {
			isa = XCBuildConfiguration;
			buildSettings = {
				ASSETCATALOG_COMPILER_APPICON_NAME = AppIcon;
				ASSETCATALOG_COMPILER_GLOBAL_ACCENT_COLOR_NAME = AccentColor;
				CODE_SIGN_STYLE = Automatic;
				CURRENT_PROJECT_VERSION = 1;
				DEVELOPMENT_ASSET_PATHS = "\"SpaceNow/Preview Content\"";
				DEVELOPMENT_TEAM = Z8P5487D62;
				ENABLE_PREVIEWS = YES;
				GENERATE_INFOPLIST_FILE = YES;
				INFOPLIST_KEY_UIApplicationSceneManifest_Generation = YES;
				INFOPLIST_KEY_UIApplicationSupportsIndirectInputEvents = YES;
				INFOPLIST_KEY_UILaunchScreen_Generation = YES;
				INFOPLIST_KEY_UISupportedInterfaceOrientations_iPad = "UIInterfaceOrientationPortrait UIInterfaceOrientationPortraitUpsideDown UIInterfaceOrientationLandscapeLeft UIInterfaceOrientationLandscapeRight";
				INFOPLIST_KEY_UISupportedInterfaceOrientations_iPhone = "UIInterfaceOrientationPortrait UIInterfaceOrientationLandscapeLeft UIInterfaceOrientationLandscapeRight";
				LD_RUNPATH_SEARCH_PATHS = (
					"$(inherited)",
					"@executable_path/Frameworks",
				);
				MARKETING_VERSION = 1.0;
				PRODUCT_BUNDLE_IDENTIFIER = com.slayr.SpaceNow;
				PRODUCT_NAME = "$(TARGET_NAME)";
				SWIFT_EMIT_LOC_STRINGS = YES;
				SWIFT_VERSION = 5.0;
				TARGETED_DEVICE_FAMILY = "1,2";
			};
			name = Release;
		};
		E54DCB132CB2A329006CF4A2 /* Debug */ = {
			isa = XCBuildConfiguration;
			buildSettings = {
				BUNDLE_LOADER = "$(TEST_HOST)";
				CODE_SIGN_STYLE = Automatic;
				CURRENT_PROJECT_VERSION = 1;
				DEVELOPMENT_TEAM = Z8P5487D62;
				GENERATE_INFOPLIST_FILE = YES;
				IPHONEOS_DEPLOYMENT_TARGET = 18.0;
				MARKETING_VERSION = 1.0;
				PRODUCT_BUNDLE_IDENTIFIER = com.slayr.SpaceNowTests;
				PRODUCT_NAME = "$(TARGET_NAME)";
				SWIFT_EMIT_LOC_STRINGS = NO;
				SWIFT_VERSION = 5.0;
				TARGETED_DEVICE_FAMILY = "1,2";
				TEST_HOST = "$(BUILT_PRODUCTS_DIR)/SpaceNow.app/$(BUNDLE_EXECUTABLE_FOLDER_PATH)/SpaceNow";
			};
			name = Debug;
		};
		E54DCB142CB2A329006CF4A2 /* Release */ = {
			isa = XCBuildConfiguration;
			buildSettings = {
				BUNDLE_LOADER = "$(TEST_HOST)";
				CODE_SIGN_STYLE = Automatic;
				CURRENT_PROJECT_VERSION = 1;
				DEVELOPMENT_TEAM = Z8P5487D62;
				GENERATE_INFOPLIST_FILE = YES;
				IPHONEOS_DEPLOYMENT_TARGET = 18.0;
				MARKETING_VERSION = 1.0;
				PRODUCT_BUNDLE_IDENTIFIER = com.slayr.SpaceNowTests;
				PRODUCT_NAME = "$(TARGET_NAME)";
				SWIFT_EMIT_LOC_STRINGS = NO;
				SWIFT_VERSION = 5.0;
				TARGETED_DEVICE_FAMILY = "1,2";
				TEST_HOST = "$(BUILT_PRODUCTS_DIR)/SpaceNow.app/$(BUNDLE_EXECUTABLE_FOLDER_PATH)/SpaceNow";
			};
			name = Release;
		};
		E54DCB162CB2A329006CF4A2 /* Debug */ = {
			isa = XCBuildConfiguration;
			buildSettings = {
				CODE_SIGN_STYLE = Automatic;
				CURRENT_PROJECT_VERSION = 1;
				DEVELOPMENT_TEAM = Z8P5487D62;
				GENERATE_INFOPLIST_FILE = YES;
				MARKETING_VERSION = 1.0;
				PRODUCT_BUNDLE_IDENTIFIER = com.slayr.SpaceNowUITests;
				PRODUCT_NAME = "$(TARGET_NAME)";
				SWIFT_EMIT_LOC_STRINGS = NO;
				SWIFT_VERSION = 5.0;
				TARGETED_DEVICE_FAMILY = "1,2";
				TEST_TARGET_NAME = SpaceNow;
			};
			name = Debug;
		};
		E54DCB172CB2A329006CF4A2 /* Release */ = {
			isa = XCBuildConfiguration;
			buildSettings = {
				CODE_SIGN_STYLE = Automatic;
				CURRENT_PROJECT_VERSION = 1;
				DEVELOPMENT_TEAM = Z8P5487D62;
				GENERATE_INFOPLIST_FILE = YES;
				MARKETING_VERSION = 1.0;
				PRODUCT_BUNDLE_IDENTIFIER = com.slayr.SpaceNowUITests;
				PRODUCT_NAME = "$(TARGET_NAME)";
				SWIFT_EMIT_LOC_STRINGS = NO;
				SWIFT_VERSION = 5.0;
				TARGETED_DEVICE_FAMILY = "1,2";
				TEST_TARGET_NAME = SpaceNow;
			};
			name = Release;
		};
/* End XCBuildConfiguration section */

/* Begin XCConfigurationList section */
		E54DCAE62CB2A328006CF4A2 /* Build configuration list for PBXProject "SpaceNow" */ = {
			isa = XCConfigurationList;
			buildConfigurations = (
				E54DCB0D2CB2A329006CF4A2 /* Debug */,
				E54DCB0E2CB2A329006CF4A2 /* Release */,
			);
			defaultConfigurationIsVisible = 0;
			defaultConfigurationName = Release;
		};
		E54DCB0F2CB2A329006CF4A2 /* Build configuration list for PBXNativeTarget "SpaceNow" */ = {
			isa = XCConfigurationList;
			buildConfigurations = (
				E54DCB102CB2A329006CF4A2 /* Debug */,
				E54DCB112CB2A329006CF4A2 /* Release */,
			);
			defaultConfigurationIsVisible = 0;
			defaultConfigurationName = Release;
		};
		E54DCB122CB2A329006CF4A2 /* Build configuration list for PBXNativeTarget "SpaceNowTests" */ = {
			isa = XCConfigurationList;
			buildConfigurations = (
				E54DCB132CB2A329006CF4A2 /* Debug */,
				E54DCB142CB2A329006CF4A2 /* Release */,
			);
			defaultConfigurationIsVisible = 0;
			defaultConfigurationName = Release;
		};
		E54DCB152CB2A329006CF4A2 /* Build configuration list for PBXNativeTarget "SpaceNowUITests" */ = {
			isa = XCConfigurationList;
			buildConfigurations = (
				E54DCB162CB2A329006CF4A2 /* Debug */,
				E54DCB172CB2A329006CF4A2 /* Release */,
			);
			defaultConfigurationIsVisible = 0;
			defaultConfigurationName = Release;
		};
/* End XCConfigurationList section */

/* Begin XCRemoteSwiftPackageReference section */
		E54DCB182CB2A47D006CF4A2 /* XCRemoteSwiftPackageReference "swiftui-cached-async-image" */ = {
			isa = XCRemoteSwiftPackageReference;
			repositoryURL = "https://github.com/lorenzofiamingo/swiftui-cached-async-image";
			requirement = {
				kind = upToNextMajorVersion;
				minimumVersion = 2.1.1;
			};
		};
/* End XCRemoteSwiftPackageReference section */

/* Begin XCSwiftPackageProductDependency section */
		E54DCB192CB2A47D006CF4A2 /* CachedAsyncImage */ = {
			isa = XCSwiftPackageProductDependency;
			package = E54DCB182CB2A47D006CF4A2 /* XCRemoteSwiftPackageReference "swiftui-cached-async-image" */;
			productName = CachedAsyncImage;
		};
/* End XCSwiftPackageProductDependency section */
	};
	rootObject = E54DCAE32CB2A328006CF4A2 /* Project object */;
}
